
Microsoft Visual Studio Solution File, Format Version 12.00
# Visual Studio Version 16
VisualStudioVersion = 16.0.31624.102
MinimumVisualStudioVersion = 10.0.40219.1
Project("{FAE04EC0-301F-11D3-BF4B-00C04F79EFBC}") = "DateTimePicker", "DateTimePicker.csproj", "{B7CB5B3A-DC40-437D-88A2-2D58575194F6}"
EndProject
Global
	GlobalSection(SolutionConfigurationPlatforms) = preSolution
		Debug|Any CPU = Debug|Any CPU
		Release|Any CPU = Release|Any CPU
	EndGlobalSection
	GlobalSection(ProjectConfigurationPlatforms) = postSolution
		{B7CB5B3A-DC40-437D-88A2-2D58575194F6}.Debug|Any CPU.ActiveCfg = Debug|Any CPU
		{B7CB5B3A-DC40-437D-88A2-2D58575194F6}.Debug|Any CPU.Build.0 = Debug|Any CPU
		{B7CB5B3A-DC40-437D-88A2-2D58575194F6}.Release|Any CPU.ActiveCfg = Release|Any CPU
		{B7CB5B3A-DC40-437D-88A2-2D58575194F6}.Release|Any CPU.Build.0 = Release|Any CPU
	EndGlobalSection
	GlobalSection(SolutionProperties) = preSolution
		HideSolutionNode = FALSE
	EndGlobalSection
	GlobalSection(ExtensibilityGlobals) = postSolution
		SolutionGuid = {F87907B3-024B-4309-9B20-564A7F34877D}
	EndGlobalSection
EndGlobal
