
Microsoft Visual Studio Solution File, Format Version 12.00
# Visual Studio Version 17
VisualStudioVersion = 17.0.31903.59
MinimumVisualStudioVersion = 10.0.40219.1
Project("{FAE04EC0-301F-11D3-BF4B-00C04F79EFBC}") = "Product Search", "Product Search.csproj", "{65F8B24D-843C-4372-8113-27493472C5D2}"
EndProject
Global
	GlobalSection(SolutionConfigurationPlatforms) = preSolution
		Debug|Any CPU = Debug|Any CPU
		Release|Any CPU = Release|Any CPU
	EndGlobalSection
	GlobalSection(ProjectConfigurationPlatforms) = postSolution
		{65F8B24D-843C-4372-8113-27493472C5D2}.Debug|Any CPU.ActiveCfg = Debug|Any CPU
		{65F8B24D-843C-4372-8113-27493472C5D2}.Debug|Any CPU.Build.0 = Debug|Any CPU
		{65F8B24D-843C-4372-8113-27493472C5D2}.Release|Any CPU.ActiveCfg = Release|Any CPU
		{65F8B24D-843C-4372-8113-27493472C5D2}.Release|Any CPU.Build.0 = Release|Any CPU
	EndGlobalSection
	GlobalSection(SolutionProperties) = preSolution
		HideSolutionNode = FALSE
	EndGlobalSection
	GlobalSection(ExtensibilityGlobals) = postSolution
		SolutionGuid = {A5C6F4D1-A11C-4833-89C4-35C07508E461}
	EndGlobalSection
EndGlobal
