
Microsoft Visual Studio Solution File, Format Version 12.00
# Visual Studio Version 16
VisualStudioVersion = 16.0.31624.102
MinimumVisualStudioVersion = 10.0.40219.1
Project("{FAE04EC0-301F-11D3-BF4B-00C04F79EFBC}") = "CheckedListBox", "CheckedListBox.csproj", "{6A43ECE9-FB6A-4AC1-98D7-FD4126EB76C6}"
EndProject
Global
	GlobalSection(SolutionConfigurationPlatforms) = preSolution
		Debug|Any CPU = Debug|Any CPU
		Release|Any CPU = Release|Any CPU
	EndGlobalSection
	GlobalSection(ProjectConfigurationPlatforms) = postSolution
		{6A43ECE9-FB6A-4AC1-98D7-FD4126EB76C6}.Debug|Any CPU.ActiveCfg = Debug|Any CPU
		{6A43ECE9-FB6A-4AC1-98D7-FD4126EB76C6}.Debug|Any CPU.Build.0 = Debug|Any CPU
		{6A43ECE9-FB6A-4AC1-98D7-FD4126EB76C6}.Release|Any CPU.ActiveCfg = Release|Any CPU
		{6A43ECE9-FB6A-4AC1-98D7-FD4126EB76C6}.Release|Any CPU.Build.0 = Release|Any CPU
	EndGlobalSection
	GlobalSection(SolutionProperties) = preSolution
		HideSolutionNode = FALSE
	EndGlobalSection
	GlobalSection(ExtensibilityGlobals) = postSolution
		SolutionGuid = {445271BE-ABE5-4DFA-BEB0-DFC8C1C8AA79}
	EndGlobalSection
EndGlobal
