
Microsoft Visual Studio Solution File, Format Version 12.00
# Visual Studio Version 16
VisualStudioVersion = 16.0.31729.503
MinimumVisualStudioVersion = 10.0.40219.1
Project("{FAE04EC0-301F-11D3-BF4B-00C04F79EFBC}") = "ReadSequentialAccessFileForm", "ReadSequentialAccessFileForm.csproj", "{CBF20206-2C48-4B0B-A64B-40D64A979CC8}"
EndProject
Global
	GlobalSection(SolutionConfigurationPlatforms) = preSolution
		Debug|Any CPU = Debug|Any CPU
		Release|Any CPU = Release|Any CPU
	EndGlobalSection
	GlobalSection(ProjectConfigurationPlatforms) = postSolution
		{CBF20206-2C48-4B0B-A64B-40D64A979CC8}.Debug|Any CPU.ActiveCfg = Debug|Any CPU
		{CBF20206-2C48-4B0B-A64B-40D64A979CC8}.Debug|Any CPU.Build.0 = Debug|Any CPU
		{CBF20206-2C48-4B0B-A64B-40D64A979CC8}.Release|Any CPU.ActiveCfg = Release|Any CPU
		{CBF20206-2C48-4B0B-A64B-40D64A979CC8}.Release|Any CPU.Build.0 = Release|Any CPU
	EndGlobalSection
	GlobalSection(SolutionProperties) = preSolution
		HideSolutionNode = FALSE
	EndGlobalSection
	GlobalSection(ExtensibilityGlobals) = postSolution
		SolutionGuid = {DA159507-9CC3-4517-93B0-5847693A5C71}
	EndGlobalSection
EndGlobal
