
Microsoft Visual Studio Solution File, Format Version 12.00
# Visual Studio Version 16
VisualStudioVersion = 16.0.31624.102
MinimumVisualStudioVersion = 10.0.40219.1
Project("{FAE04EC0-301F-11D3-BF4B-00C04F79EFBC}") = "AS02", "AS02.csproj", "{8E0F4C11-706F-40CA-8F72-EBDB62C5D484}"
EndProject
Global
	GlobalSection(SolutionConfigurationPlatforms) = preSolution
		Debug|Any CPU = Debug|Any CPU
		Release|Any CPU = Release|Any CPU
	EndGlobalSection
	GlobalSection(ProjectConfigurationPlatforms) = postSolution
		{8E0F4C11-706F-40CA-8F72-EBDB62C5D484}.Debug|Any CPU.ActiveCfg = Debug|Any CPU
		{8E0F4C11-706F-40CA-8F72-EBDB62C5D484}.Debug|Any CPU.Build.0 = Debug|Any CPU
		{8E0F4C11-706F-40CA-8F72-EBDB62C5D484}.Release|Any CPU.ActiveCfg = Release|Any CPU
		{8E0F4C11-706F-40CA-8F72-EBDB62C5D484}.Release|Any CPU.Build.0 = Release|Any CPU
	EndGlobalSection
	GlobalSection(SolutionProperties) = preSolution
		HideSolutionNode = FALSE
	EndGlobalSection
	GlobalSection(ExtensibilityGlobals) = postSolution
		SolutionGuid = {94555DF8-714E-48AD-ACF5-415715C1A9F5}
	EndGlobalSection
EndGlobal
