
Microsoft Visual Studio Solution File, Format Version 12.00
# Visual Studio Version 16
VisualStudioVersion = 16.0.31729.503
MinimumVisualStudioVersion = 10.0.40219.1
Project("{FAE04EC0-301F-11D3-BF4B-00C04F79EFBC}") = "ReadSequentiaAccessFile", "ReadSequentiaAccessFile.csproj", "{94D7EF8F-6AF6-4ECD-811F-97EC980F7B34}"
EndProject
Global
	GlobalSection(SolutionConfigurationPlatforms) = preSolution
		Debug|Any CPU = Debug|Any CPU
		Release|Any CPU = Release|Any CPU
	EndGlobalSection
	GlobalSection(ProjectConfigurationPlatforms) = postSolution
		{94D7EF8F-6AF6-4ECD-811F-97EC980F7B34}.Debug|Any CPU.ActiveCfg = Debug|Any CPU
		{94D7EF8F-6AF6-4ECD-811F-97EC980F7B34}.Debug|Any CPU.Build.0 = Debug|Any CPU
		{94D7EF8F-6AF6-4ECD-811F-97EC980F7B34}.Release|Any CPU.ActiveCfg = Release|Any CPU
		{94D7EF8F-6AF6-4ECD-811F-97EC980F7B34}.Release|Any CPU.Build.0 = Release|Any CPU
	EndGlobalSection
	GlobalSection(SolutionProperties) = preSolution
		HideSolutionNode = FALSE
	EndGlobalSection
	GlobalSection(ExtensibilityGlobals) = postSolution
		SolutionGuid = {8D58A0A9-14F5-4002-8B74-AC58D84A5E4A}
	EndGlobalSection
EndGlobal
