
Microsoft Visual Studio Solution File, Format Version 12.00
# Visual Studio Version 17
VisualStudioVersion = 17.0.31903.59
MinimumVisualStudioVersion = 10.0.40219.1
Project("{FAE04EC0-301F-11D3-BF4B-00C04F79EFBC}") = "Product Queries", "Product Queries.csproj", "{B762D79F-F818-4969-9F05-D48FE577B53E}"
EndProject
Global
	GlobalSection(SolutionConfigurationPlatforms) = preSolution
		Debug|Any CPU = Debug|Any CPU
		Release|Any CPU = Release|Any CPU
	EndGlobalSection
	GlobalSection(ProjectConfigurationPlatforms) = postSolution
		{B762D79F-F818-4969-9F05-D48FE577B53E}.Debug|Any CPU.ActiveCfg = Debug|Any CPU
		{B762D79F-F818-4969-9F05-D48FE577B53E}.Debug|Any CPU.Build.0 = Debug|Any CPU
		{B762D79F-F818-4969-9F05-D48FE577B53E}.Release|Any CPU.ActiveCfg = Release|Any CPU
		{B762D79F-F818-4969-9F05-D48FE577B53E}.Release|Any CPU.Build.0 = Release|Any CPU
	EndGlobalSection
	GlobalSection(SolutionProperties) = preSolution
		HideSolutionNode = FALSE
	EndGlobalSection
	GlobalSection(ExtensibilityGlobals) = postSolution
		SolutionGuid = {A24A0B4C-7BB4-4F1F-98D2-22F387C37E40}
	EndGlobalSection
EndGlobal
