
Microsoft Visual Studio Solution File, Format Version 12.00
# Visual Studio Version 16
VisualStudioVersion = 16.0.31729.503
MinimumVisualStudioVersion = 10.0.40219.1
Project("{FAE04EC0-301F-11D3-BF4B-00C04F79EFBC}") = "SequentialAccessTextFile", "SequentialAccessTextFile.csproj", "{9E52071A-7F00-49AC-BF3E-CB2EFA367175}"
EndProject
Global
	GlobalSection(SolutionConfigurationPlatforms) = preSolution
		Debug|Any CPU = Debug|Any CPU
		Release|Any CPU = Release|Any CPU
	EndGlobalSection
	GlobalSection(ProjectConfigurationPlatforms) = postSolution
		{9E52071A-7F00-49AC-BF3E-CB2EFA367175}.Debug|Any CPU.ActiveCfg = Debug|Any CPU
		{9E52071A-7F00-49AC-BF3E-CB2EFA367175}.Debug|Any CPU.Build.0 = Debug|Any CPU
		{9E52071A-7F00-49AC-BF3E-CB2EFA367175}.Release|Any CPU.ActiveCfg = Release|Any CPU
		{9E52071A-7F00-49AC-BF3E-CB2EFA367175}.Release|Any CPU.Build.0 = Release|Any CPU
	EndGlobalSection
	GlobalSection(SolutionProperties) = preSolution
		HideSolutionNode = FALSE
	EndGlobalSection
	GlobalSection(ExtensibilityGlobals) = postSolution
		SolutionGuid = {7CC601FE-B539-4760-A7F2-5BF196ED7F77}
	EndGlobalSection
EndGlobal
