
Microsoft Visual Studio Solution File, Format Version 12.00
# Visual Studio Version 16
VisualStudioVersion = 16.0.31624.102
MinimumVisualStudioVersion = 10.0.40219.1
Project("{FAE04EC0-301F-11D3-BF4B-00C04F79EFBC}") = "TabControl", "TabControl.csproj", "{D494CEA6-D064-4BAB-811F-95857E7F6D55}"
EndProject
Global
	GlobalSection(SolutionConfigurationPlatforms) = preSolution
		Debug|Any CPU = Debug|Any CPU
		Release|Any CPU = Release|Any CPU
	EndGlobalSection
	GlobalSection(ProjectConfigurationPlatforms) = postSolution
		{D494CEA6-D064-4BAB-811F-95857E7F6D55}.Debug|Any CPU.ActiveCfg = Debug|Any CPU
		{D494CEA6-D064-4BAB-811F-95857E7F6D55}.Debug|Any CPU.Build.0 = Debug|Any CPU
		{D494CEA6-D064-4BAB-811F-95857E7F6D55}.Release|Any CPU.ActiveCfg = Release|Any CPU
		{D494CEA6-D064-4BAB-811F-95857E7F6D55}.Release|Any CPU.Build.0 = Release|Any CPU
	EndGlobalSection
	GlobalSection(SolutionProperties) = preSolution
		HideSolutionNode = FALSE
	EndGlobalSection
	GlobalSection(ExtensibilityGlobals) = postSolution
		SolutionGuid = {7BBAB342-3D56-4E8C-AD9E-57E2E5AD106A}
	EndGlobalSection
EndGlobal
