
Microsoft Visual Studio Solution File, Format Version 12.00
# Visual Studio Version 16
VisualStudioVersion = 16.0.31624.102
MinimumVisualStudioVersion = 10.0.40219.1
Project("{FAE04EC0-301F-11D3-BF4B-00C04F79EFBC}") = "Lab2PT3", "Lab2PT3.csproj", "{2FBF1D91-EEF3-4E39-AA31-911C9B6DC58B}"
EndProject
Global
	GlobalSection(SolutionConfigurationPlatforms) = preSolution
		Debug|Any CPU = Debug|Any CPU
		Release|Any CPU = Release|Any CPU
	EndGlobalSection
	GlobalSection(ProjectConfigurationPlatforms) = postSolution
		{2FBF1D91-EEF3-4E39-AA31-911C9B6DC58B}.Debug|Any CPU.ActiveCfg = Debug|Any CPU
		{2FBF1D91-EEF3-4E39-AA31-911C9B6DC58B}.Debug|Any CPU.Build.0 = Debug|Any CPU
		{2FBF1D91-EEF3-4E39-AA31-911C9B6DC58B}.Release|Any CPU.ActiveCfg = Release|Any CPU
		{2FBF1D91-EEF3-4E39-AA31-911C9B6DC58B}.Release|Any CPU.Build.0 = Release|Any CPU
	EndGlobalSection
	GlobalSection(SolutionProperties) = preSolution
		HideSolutionNode = FALSE
	EndGlobalSection
	GlobalSection(ExtensibilityGlobals) = postSolution
		SolutionGuid = {7BCBC383-87A4-4A55-B2E2-34D3BEFF8815}
	EndGlobalSection
EndGlobal
